
Microsoft Visual Studio Solution File, Format Version 12.00
# Visual Studio 15
VisualStudioVersion = 15.0.28307.779
MinimumVisualStudioVersion = 10.0.40219.1
Project("{8BC9CEB8-8B4A-11D0-8D11-00A0C91BC942}") = "Editor", "Editor\editor.vcxproj", "{A38A6985-5B25-41BB-90CF-F5679AE7FD28}"
	ProjectSection(ProjectDependencies) = postProject
		{C5DB41FD-6A8F-49CB-A84F-FC60CB52B854} = {C5DB41FD-6A8F-49CB-A84F-FC60CB52B854}
	EndProjectSection
EndProject
Project("{8BC9CEB8-8B4A-11D0-8D11-00A0C91BC942}") = "JsonToQtInterface", "JsonToQtInterface\JsonToQtInterface.vcxproj", "{0D59CD58-ABB8-49AA-AA13-56663D059A6C}"
	ProjectSection(ProjectDependencies) = postProject
		{C5DB41FD-6A8F-49CB-A84F-FC60CB52B854} = {C5DB41FD-6A8F-49CB-A84F-FC60CB52B854}
	EndProjectSection
EndProject
Project("{8BC9CEB8-8B4A-11D0-8D11-00A0C91BC942}") = "LibraryManagers", "LibraryManagers\LibraryManagers.vcxproj", "{C5DB41FD-6A8F-49CB-A84F-FC60CB52B854}"
EndProject
Project("{8BC9CEB8-8B4A-11D0-8D11-00A0C91BC942}") = "RenderViewSetting", "RenderViewSetting\RenderViewSetting.vcxproj", "{8A7A82DD-E7C9-48D7-B5EB-B93FBD45DFB2}"
	ProjectSection(ProjectDependencies) = postProject
		{C5DB41FD-6A8F-49CB-A84F-FC60CB52B854} = {C5DB41FD-6A8F-49CB-A84F-FC60CB52B854}
	EndProjectSection
EndProject
Global
	GlobalSection(SolutionConfigurationPlatforms) = preSolution
		Debug|x64 = Debug|x64
		Debug|x86 = Debug|x86
		Release|x64 = Release|x64
		Release|x86 = Release|x86
	EndGlobalSection
	GlobalSection(ProjectConfigurationPlatforms) = postSolution
		{A38A6985-5B25-41BB-90CF-F5679AE7FD28}.Debug|x64.ActiveCfg = Debug|x64
		{A38A6985-5B25-41BB-90CF-F5679AE7FD28}.Debug|x64.Build.0 = Debug|x64
		{A38A6985-5B25-41BB-90CF-F5679AE7FD28}.Debug|x86.ActiveCfg = Debug|x64
		{A38A6985-5B25-41BB-90CF-F5679AE7FD28}.Release|x64.ActiveCfg = Release|x64
		{A38A6985-5B25-41BB-90CF-F5679AE7FD28}.Release|x64.Build.0 = Release|x64
		{A38A6985-5B25-41BB-90CF-F5679AE7FD28}.Release|x86.ActiveCfg = Release|x64
		{0D59CD58-ABB8-49AA-AA13-56663D059A6C}.Debug|x64.ActiveCfg = Debug|x64
		{0D59CD58-ABB8-49AA-AA13-56663D059A6C}.Debug|x64.Build.0 = Debug|x64
		{0D59CD58-ABB8-49AA-AA13-56663D059A6C}.Debug|x86.ActiveCfg = Debug|x64
		{0D59CD58-ABB8-49AA-AA13-56663D059A6C}.Release|x64.ActiveCfg = Release|x64
		{0D59CD58-ABB8-49AA-AA13-56663D059A6C}.Release|x64.Build.0 = Release|x64
		{0D59CD58-ABB8-49AA-AA13-56663D059A6C}.Release|x86.ActiveCfg = Release|x64
		{C5DB41FD-6A8F-49CB-A84F-FC60CB52B854}.Debug|x64.ActiveCfg = Debug|x64
		{C5DB41FD-6A8F-49CB-A84F-FC60CB52B854}.Debug|x64.Build.0 = Debug|x64
		{C5DB41FD-6A8F-49CB-A84F-FC60CB52B854}.Debug|x86.ActiveCfg = Debug|x64
		{C5DB41FD-6A8F-49CB-A84F-FC60CB52B854}.Release|x64.ActiveCfg = Release|x64
		{C5DB41FD-6A8F-49CB-A84F-FC60CB52B854}.Release|x64.Build.0 = Release|x64
		{C5DB41FD-6A8F-49CB-A84F-FC60CB52B854}.Release|x86.ActiveCfg = Release|x64
		{8A7A82DD-E7C9-48D7-B5EB-B93FBD45DFB2}.Debug|x64.ActiveCfg = Debug|x64
		{8A7A82DD-E7C9-48D7-B5EB-B93FBD45DFB2}.Debug|x64.Build.0 = Debug|x64
		{8A7A82DD-E7C9-48D7-B5EB-B93FBD45DFB2}.Debug|x86.ActiveCfg = Debug|x64
		{8A7A82DD-E7C9-48D7-B5EB-B93FBD45DFB2}.Release|x64.ActiveCfg = Release|x64
		{8A7A82DD-E7C9-48D7-B5EB-B93FBD45DFB2}.Release|x64.Build.0 = Release|x64
		{8A7A82DD-E7C9-48D7-B5EB-B93FBD45DFB2}.Release|x86.ActiveCfg = Release|x64
	EndGlobalSection
	GlobalSection(SolutionProperties) = preSolution
		HideSolutionNode = FALSE
	EndGlobalSection
	GlobalSection(ExtensibilityGlobals) = postSolution
		SolutionGuid = {A75E7A0C-8AF4-42F5-9FAC-998F5A5D570D}
	EndGlobalSection
EndGlobal
